Microsoft Visual Studio Solution File, Format Version 11.00
# Visual Studio 2008

Project("{CF4A3DF0-9494-943A-02B9-910B64E9D791}") = "UnityFinalProject", "Assembly-CSharp.csproj", "{5FE79EC4-F65D-FB20-1539-35F962CDF6C8}"
EndProject
Global
	GlobalSection(SolutionConfigurationPlatforms) = preSolution
		Debug|Any CPU = Debug|Any CPU
		Release|Any CPU = Release|Any CPU
	EndGlobalSection
	GlobalSection(ProjectConfigurationPlatforms) = postSolution
		{5FE79EC4-F65D-FB20-1539-35F962CDF6C8}.Debug|Any CPU.ActiveCfg = Debug|Any CPU
		{5FE79EC4-F65D-FB20-1539-35F962CDF6C8}.Debug|Any CPU.Build.0 = Debug|Any CPU
		{5FE79EC4-F65D-FB20-1539-35F962CDF6C8}.Release|Any CPU.ActiveCfg = Release|Any CPU
		{5FE79EC4-F65D-FB20-1539-35F962CDF6C8}.Release|Any CPU.Build.0 = Release|Any CPU
	EndGlobalSection
	GlobalSection(SolutionProperties) = preSolution
		HideSolutionNode = FALSE
	EndGlobalSection
	GlobalSection(MonoDevelopProperties) = preSolution
		StartupItem = Assembly-CSharp.csproj
	EndGlobalSection
EndGlobal
